
Microsoft Visual Studio Solution File, Format Version 12.00
# Visual Studio Version 17
VisualStudioVersion = 17.5.33424.131
MinimumVisualStudioVersion = 10.0.40219.1
Project("{FAE04EC0-301F-11D3-BF4B-00C04F79EFBC}") = "Calculadora.ConsoleApp1", "Calculadora.ConsoleApp1\Calculadora.ConsoleApp1.csproj", "{A8BEAD63-45BD-4277-8A65-E570265BE83C}"
EndProject
Global
	GlobalSection(SolutionConfigurationPlatforms) = preSolution
		Debug|Any CPU = Debug|Any CPU
		Release|Any CPU = Release|Any CPU
	EndGlobalSection
	GlobalSection(ProjectConfigurationPlatforms) = postSolution
		{A8BEAD63-45BD-4277-8A65-E570265BE83C}.Debug|Any CPU.ActiveCfg = Debug|Any CPU
		{A8BEAD63-45BD-4277-8A65-E570265BE83C}.Debug|Any CPU.Build.0 = Debug|Any CPU
		{A8BEAD63-45BD-4277-8A65-E570265BE83C}.Release|Any CPU.ActiveCfg = Release|Any CPU
		{A8BEAD63-45BD-4277-8A65-E570265BE83C}.Release|Any CPU.Build.0 = Release|Any CPU
	EndGlobalSection
	GlobalSection(SolutionProperties) = preSolution
		HideSolutionNode = FALSE
	EndGlobalSection
	GlobalSection(ExtensibilityGlobals) = postSolution
		SolutionGuid = {49EB1D0B-160A-45D1-811F-836EF62F9E4B}
	EndGlobalSection
EndGlobal
